
Microsoft Visual Studio Solution File, Format Version 12.00
# Visual Studio Version 17
VisualStudioVersion = 17.4.33110.190
MinimumVisualStudioVersion = 10.0.40219.1
Project("{9A19103F-16F7-4668-BE54-9A1E7A4F7556}") = "wallet.api", "wallet.api.csproj", "{AB089B4A-C167-447E-AD64-4EFBE777E026}"
EndProject
Project("{2150E333-8FDC-42A3-9474-1A3956D46DE8}") = "Core", "Core", "{5DB001E0-A624-4B83-ADA1-2203C5572EF2}"
EndProject
Project("{2150E333-8FDC-42A3-9474-1A3956D46DE8}") = "Infrastructures", "Infrastructures", "{C7EA9BA1-76D2-42B8-A9F6-5F96E721F63E}"
EndProject
Project("{2150E333-8FDC-42A3-9474-1A3956D46DE8}") = "Presentation", "Presentation", "{AFF7257D-2C01-4138-BE7D-458824778DBF}"
EndProject
Project("{FAE04EC0-301F-11D3-BF4B-00C04F79EFBC}") = "wallet.Domain", "..\wallet.Domain\wallet.Domain.csproj", "{393A7B3A-F96C-4E68-B4C8-2B5D6EA9B367}"
EndProject
Project("{FAE04EC0-301F-11D3-BF4B-00C04F79EFBC}") = "Wallet.Application", "..\Wallet.Application\Wallet.Application.csproj", "{335EC329-394E-440B-AB86-9257E21075CD}"
	ProjectSection(ProjectDependencies) = postProject
		{393A7B3A-F96C-4E68-B4C8-2B5D6EA9B367} = {393A7B3A-F96C-4E68-B4C8-2B5D6EA9B367}
	EndProjectSection
EndProject
Project("{2150E333-8FDC-42A3-9474-1A3956D46DE8}") = "Solution Items", "Solution Items", "{8B8C02F0-F074-4F27-8276-6D1F3B68A04D}"
	ProjectSection(SolutionItems) = preProject
		.editorconfig = .editorconfig
	EndProjectSection
EndProject
Global
	GlobalSection(SolutionConfigurationPlatforms) = preSolution
		Debug|Any CPU = Debug|Any CPU
		Release|Any CPU = Release|Any CPU
	EndGlobalSection
	GlobalSection(ProjectConfigurationPlatforms) = postSolution
		{AB089B4A-C167-447E-AD64-4EFBE777E026}.Debug|Any CPU.ActiveCfg = Debug|Any CPU
		{AB089B4A-C167-447E-AD64-4EFBE777E026}.Debug|Any CPU.Build.0 = Debug|Any CPU
		{AB089B4A-C167-447E-AD64-4EFBE777E026}.Release|Any CPU.ActiveCfg = Release|Any CPU
		{AB089B4A-C167-447E-AD64-4EFBE777E026}.Release|Any CPU.Build.0 = Release|Any CPU
		{393A7B3A-F96C-4E68-B4C8-2B5D6EA9B367}.Debug|Any CPU.ActiveCfg = Debug|Any CPU
		{393A7B3A-F96C-4E68-B4C8-2B5D6EA9B367}.Debug|Any CPU.Build.0 = Debug|Any CPU
		{393A7B3A-F96C-4E68-B4C8-2B5D6EA9B367}.Release|Any CPU.ActiveCfg = Release|Any CPU
		{393A7B3A-F96C-4E68-B4C8-2B5D6EA9B367}.Release|Any CPU.Build.0 = Release|Any CPU
		{335EC329-394E-440B-AB86-9257E21075CD}.Debug|Any CPU.ActiveCfg = Debug|Any CPU
		{335EC329-394E-440B-AB86-9257E21075CD}.Debug|Any CPU.Build.0 = Debug|Any CPU
		{335EC329-394E-440B-AB86-9257E21075CD}.Release|Any CPU.ActiveCfg = Release|Any CPU
		{335EC329-394E-440B-AB86-9257E21075CD}.Release|Any CPU.Build.0 = Release|Any CPU
	EndGlobalSection
	GlobalSection(SolutionProperties) = preSolution
		HideSolutionNode = FALSE
	EndGlobalSection
	GlobalSection(NestedProjects) = preSolution
		{AB089B4A-C167-447E-AD64-4EFBE777E026} = {AFF7257D-2C01-4138-BE7D-458824778DBF}
		{393A7B3A-F96C-4E68-B4C8-2B5D6EA9B367} = {5DB001E0-A624-4B83-ADA1-2203C5572EF2}
		{335EC329-394E-440B-AB86-9257E21075CD} = {5DB001E0-A624-4B83-ADA1-2203C5572EF2}
	EndGlobalSection
	GlobalSection(ExtensibilityGlobals) = postSolution
		SolutionGuid = {8CF42E89-4D1B-4A1B-9DA0-3F60750CC7A5}
	EndGlobalSection
EndGlobal
